{
  "name": "redacted-compiler-plugin",
  "version": "unspecified",
  "lockfileVersion": 3,
  "requires": true,
  "packages": {
    "": {
      "name": "redacted-compiler-plugin",
      "version": "unspecified",
      "workspaces": [
        "packages/redacted-compiler-plugin-redacted-compiler-plugin-annotations",
        "packages/redacted-compiler-plugin-redacted-compiler-plugin-annotations-test",
        "packages/redacted-compiler-plugin-sample",
        "packages/redacted-compiler-plugin-sample-test"
      ],
      "devDependencies": {}
    },
    "node_modules/redacted-compiler-plugin-redacted-compiler-plugin-annotations": {
      "resolved": "packages/redacted-compiler-plugin-redacted-compiler-plugin-annotations",
      "link": true
    },
    "node_modules/redacted-compiler-plugin-redacted-compiler-plugin-annotations-test": {
      "resolved": "packages/redacted-compiler-plugin-redacted-compiler-plugin-annotations-test",
      "link": true
    },
    "node_modules/redacted-compiler-plugin-sample": {
      "resolved": "packages/redacted-compiler-plugin-sample",
      "link": true
    },
    "node_modules/redacted-compiler-plugin-sample-test": {
      "resolved": "packages/redacted-compiler-plugin-sample-test",
      "link": true
    },
    "packages/redacted-compiler-plugin-redacted-compiler-plugin-annotations": {
      "version": "1.15.0-SNAPSHOT",
      "devDependencies": {}
    },
    "packages/redacted-compiler-plugin-redacted-compiler-plugin-annotations-test": {
      "version": "1.15.0-SNAPSHOT",
      "devDependencies": {}
    },
    "packages/redacted-compiler-plugin-sample": {
      "version": "1.15.0-SNAPSHOT",
      "devDependencies": {}
    },
    "packages/redacted-compiler-plugin-sample-test": {
      "version": "1.15.0-SNAPSHOT",
      "devDependencies": {}
    }
  }
}
